
Microsoft Visual Studio Solution File, Format Version 12.00
# Visual Studio 15
Project("{FAE04EC0-301F-11D3-BF4B-00C04F79EFBC}") = "HelloWorld.Android", "HelloWorld.Android\HelloWorld.Android.csproj", "{E3DE0C65-2C51-46DC-962A-58F8B698B311}"
EndProject
Project("{FAE04EC0-301F-11D3-BF4B-00C04F79EFBC}") = "HelloWorld.iOS", "HelloWorld.iOS\HelloWorld.iOS.csproj", "{96C2684A-5BF4-45AC-849C-05577C41A864}"
EndProject
Project("{FAE04EC0-301F-11D3-BF4B-00C04F79EFBC}") = "HelloWorld", "HelloWorld\HelloWorld.csproj", "{B4D2E3A9-503F-477C-A113-AFD46C7A4CA4}"
EndProject
Global
	GlobalSection(SolutionConfigurationPlatforms) = preSolution
		Debug|Any CPU = Debug|Any CPU
		Release|Any CPU = Release|Any CPU
		Debug|iPhoneSimulator = Debug|iPhoneSimulator
		Release|iPhoneSimulator = Release|iPhoneSimulator
		Debug|iPhone = Debug|iPhone
		Release|iPhone = Release|iPhone
	EndGlobalSection
	GlobalSection(ProjectConfigurationPlatforms) = postSolution
		{E3DE0C65-2C51-46DC-962A-58F8B698B311}.Debug|Any CPU.ActiveCfg = Debug|Any CPU
		{E3DE0C65-2C51-46DC-962A-58F8B698B311}.Debug|Any CPU.Build.0 = Debug|Any CPU
		{E3DE0C65-2C51-46DC-962A-58F8B698B311}.Release|Any CPU.ActiveCfg = Release|Any CPU
		{E3DE0C65-2C51-46DC-962A-58F8B698B311}.Release|Any CPU.Build.0 = Release|Any CPU
		{E3DE0C65-2C51-46DC-962A-58F8B698B311}.Debug|iPhoneSimulator.ActiveCfg = Debug|Any CPU
		{E3DE0C65-2C51-46DC-962A-58F8B698B311}.Debug|iPhoneSimulator.Build.0 = Debug|Any CPU
		{E3DE0C65-2C51-46DC-962A-58F8B698B311}.Release|iPhoneSimulator.ActiveCfg = Release|Any CPU
		{E3DE0C65-2C51-46DC-962A-58F8B698B311}.Release|iPhoneSimulator.Build.0 = Release|Any CPU
		{E3DE0C65-2C51-46DC-962A-58F8B698B311}.Debug|iPhone.ActiveCfg = Debug|Any CPU
		{E3DE0C65-2C51-46DC-962A-58F8B698B311}.Debug|iPhone.Build.0 = Debug|Any CPU
		{E3DE0C65-2C51-46DC-962A-58F8B698B311}.Release|iPhone.ActiveCfg = Release|Any CPU
		{E3DE0C65-2C51-46DC-962A-58F8B698B311}.Release|iPhone.Build.0 = Release|Any CPU
		{96C2684A-5BF4-45AC-849C-05577C41A864}.Debug|Any CPU.ActiveCfg = Debug|iPhoneSimulator
		{96C2684A-5BF4-45AC-849C-05577C41A864}.Debug|Any CPU.Build.0 = Debug|iPhoneSimulator
		{96C2684A-5BF4-45AC-849C-05577C41A864}.Release|Any CPU.ActiveCfg = Release|iPhoneSimulator
		{96C2684A-5BF4-45AC-849C-05577C41A864}.Release|Any CPU.Build.0 = Release|iPhoneSimulator
		{96C2684A-5BF4-45AC-849C-05577C41A864}.Debug|iPhoneSimulator.ActiveCfg = Debug|iPhoneSimulator
		{96C2684A-5BF4-45AC-849C-05577C41A864}.Debug|iPhoneSimulator.Build.0 = Debug|iPhoneSimulator
		{96C2684A-5BF4-45AC-849C-05577C41A864}.Release|iPhoneSimulator.ActiveCfg = Release|iPhoneSimulator
		{96C2684A-5BF4-45AC-849C-05577C41A864}.Release|iPhoneSimulator.Build.0 = Release|iPhoneSimulator
		{96C2684A-5BF4-45AC-849C-05577C41A864}.Debug|iPhone.ActiveCfg = Debug|iPhone
		{96C2684A-5BF4-45AC-849C-05577C41A864}.Debug|iPhone.Build.0 = Debug|iPhone
		{96C2684A-5BF4-45AC-849C-05577C41A864}.Release|iPhone.ActiveCfg = Release|iPhone
		{96C2684A-5BF4-45AC-849C-05577C41A864}.Release|iPhone.Build.0 = Release|iPhone
		{B4D2E3A9-503F-477C-A113-AFD46C7A4CA4}.Debug|Any CPU.ActiveCfg = Debug|Any CPU
		{B4D2E3A9-503F-477C-A113-AFD46C7A4CA4}.Debug|Any CPU.Build.0 = Debug|Any CPU
		{B4D2E3A9-503F-477C-A113-AFD46C7A4CA4}.Release|Any CPU.ActiveCfg = Release|Any CPU
		{B4D2E3A9-503F-477C-A113-AFD46C7A4CA4}.Release|Any CPU.Build.0 = Release|Any CPU
		{B4D2E3A9-503F-477C-A113-AFD46C7A4CA4}.Debug|iPhoneSimulator.ActiveCfg = Debug|Any CPU
		{B4D2E3A9-503F-477C-A113-AFD46C7A4CA4}.Debug|iPhoneSimulator.Build.0 = Debug|Any CPU
		{B4D2E3A9-503F-477C-A113-AFD46C7A4CA4}.Release|iPhoneSimulator.ActiveCfg = Release|Any CPU
		{B4D2E3A9-503F-477C-A113-AFD46C7A4CA4}.Release|iPhoneSimulator.Build.0 = Release|Any CPU
		{B4D2E3A9-503F-477C-A113-AFD46C7A4CA4}.Debug|iPhone.ActiveCfg = Debug|Any CPU
		{B4D2E3A9-503F-477C-A113-AFD46C7A4CA4}.Debug|iPhone.Build.0 = Debug|Any CPU
		{B4D2E3A9-503F-477C-A113-AFD46C7A4CA4}.Release|iPhone.ActiveCfg = Release|Any CPU
		{B4D2E3A9-503F-477C-A113-AFD46C7A4CA4}.Release|iPhone.Build.0 = Release|Any CPU
	EndGlobalSection
EndGlobal
